
Microsoft Visual Studio Solution File, Format Version 12.00
# Visual Studio Version 16
VisualStudioVersion = 16.0.30413.136
MinimumVisualStudioVersion = 10.0.40219.1
Project("{FAE04EC0-301F-11D3-BF4B-00C04F79EFBC}") = "ChatClient", "ChatClient\ChatClient.csproj", "{CFEA7A0C-CDF4-4300-BDF8-48CDE33AB609}"
EndProject
Project("{FAE04EC0-301F-11D3-BF4B-00C04F79EFBC}") = "ChatCore", "ChatCore\ChatCore.csproj", "{A49A0A50-47AF-4BFA-BCB4-10952131DA47}"
EndProject
Project("{FAE04EC0-301F-11D3-BF4B-00C04F79EFBC}") = "ChatServer", "ChatServer\ChatServer.csproj", "{612B785C-86F2-45FC-A94D-D63ED80EAA15}"
EndProject
Global
	GlobalSection(SolutionConfigurationPlatforms) = preSolution
		Debug|Any CPU = Debug|Any CPU
		Release|Any CPU = Release|Any CPU
	EndGlobalSection
	GlobalSection(ProjectConfigurationPlatforms) = postSolution
		{CFEA7A0C-CDF4-4300-BDF8-48CDE33AB609}.Debug|Any CPU.ActiveCfg = Debug|Any CPU
		{CFEA7A0C-CDF4-4300-BDF8-48CDE33AB609}.Debug|Any CPU.Build.0 = Debug|Any CPU
		{CFEA7A0C-CDF4-4300-BDF8-48CDE33AB609}.Release|Any CPU.ActiveCfg = Release|Any CPU
		{CFEA7A0C-CDF4-4300-BDF8-48CDE33AB609}.Release|Any CPU.Build.0 = Release|Any CPU
		{A49A0A50-47AF-4BFA-BCB4-10952131DA47}.Debug|Any CPU.ActiveCfg = Debug|Any CPU
		{A49A0A50-47AF-4BFA-BCB4-10952131DA47}.Debug|Any CPU.Build.0 = Debug|Any CPU
		{A49A0A50-47AF-4BFA-BCB4-10952131DA47}.Release|Any CPU.ActiveCfg = Release|Any CPU
		{A49A0A50-47AF-4BFA-BCB4-10952131DA47}.Release|Any CPU.Build.0 = Release|Any CPU
		{612B785C-86F2-45FC-A94D-D63ED80EAA15}.Debug|Any CPU.ActiveCfg = Debug|Any CPU
		{612B785C-86F2-45FC-A94D-D63ED80EAA15}.Debug|Any CPU.Build.0 = Debug|Any CPU
		{612B785C-86F2-45FC-A94D-D63ED80EAA15}.Release|Any CPU.ActiveCfg = Release|Any CPU
		{612B785C-86F2-45FC-A94D-D63ED80EAA15}.Release|Any CPU.Build.0 = Release|Any CPU
	EndGlobalSection
	GlobalSection(SolutionProperties) = preSolution
		HideSolutionNode = FALSE
	EndGlobalSection
	GlobalSection(ExtensibilityGlobals) = postSolution
		SolutionGuid = {E610FA32-18C6-4A21-B981-31B2379A2876}
	EndGlobalSection
EndGlobal
